# This file is automatically @generated by Poetry 2.1.3 and should not be changed by hand.

[[package]]
name = "colorama"
version = "0.4.6"
description = "Cross-platform colored terminal text."
optional = false
python-versions = "!=3.0.*,!=3.1.*,!=3.2.*,!=3.3.*,!=3.4.*,!=3.5.*,!=3.6.*,>=2.7"
groups = ["dev"]
markers = "sys_platform == \"win32\""
files = [
    {file = "colorama-0.4.6-py2.py3-none-any.whl", hash = "sha256:4f1d9991f5acc0ca119f9d443620b77f9d6b33703e51011c16baf57afb285fc6"},
    {file = "colorama-0.4.6.tar.gz", hash = "sha256:08695f5cb7ed6e0531a20572697297273c47b8cae5a63ffc6d6ed5c201be6e44"},
]

[[package]]
name = "coverage"
version = "7.8.0"
description = "Code coverage measurement for Python"
optional = false
python-versions = ">=3.9"
groups = ["dev"]
files = [
    {file = "coverage-7.8.0-cp310-cp310-macosx_10_9_x86_64.whl", hash = "sha256:2931f66991175369859b5fd58529cd4b73582461877ecfd859b6549869287ffe"},
    {file = "coverage-7.8.0-cp310-cp310-macosx_11_0_arm64.whl", hash = "sha256:52a523153c568d2c0ef8826f6cc23031dc86cffb8c6aeab92c4ff776e7951b28"},
    {file = "coverage-7.8.0-cp310-cp310-manylinux_2_17_aarch64.manylinux2014_aarch64.whl", hash = "sha256:5c8a5c139aae4c35cbd7cadca1df02ea8cf28a911534fc1b0456acb0b14234f3"},
    {file = "coverage-7.8.0-cp310-cp310-manylinux_2_5_i686.manylinux1_i686.manylinux_2_17_i686.manylinux2014_i686.whl", hash = "sha256:5a26c0c795c3e0b63ec7da6efded5f0bc856d7c0b24b2ac84b4d1d7bc578d676"},
    {file = "coverage-7.8.0-cp310-cp310-manylinux_2_5_x86_64.manylinux1_x86_64.manylinux_2_17_x86_64.manylinux2014_x86_64.whl", hash = "sha256:821f7bcbaa84318287115d54becb1915eece6918136c6f91045bb84e2f88739d"},
    {file = "coverage-7.8.0-cp310-cp310-musllinux_1_2_aarch64.whl", hash = "sha256:a321c61477ff8ee705b8a5fed370b5710c56b3a52d17b983d9215861e37b642a"},
    {file = "coverage-7.8.0-cp310-cp310-musllinux_1_2_i686.whl", hash = "sha256:ed2144b8a78f9d94d9515963ed273d620e07846acd5d4b0a642d4849e8d91a0c"},
    {file = "coverage-7.8.0-cp310-cp310-musllinux_1_2_x86_64.whl", hash = "sha256:042e7841a26498fff7a37d6fda770d17519982f5b7d8bf5278d140b67b61095f"},
    {file = "coverage-7.8.0-cp310-cp310-win32.whl", hash = "sha256:f9983d01d7705b2d1f7a95e10bbe4091fabc03a46881a256c2787637b087003f"},
    {file = "coverage-7.8.0-cp310-cp310-win_amd64.whl", hash = "sha256:5a570cd9bd20b85d1a0d7b009aaf6c110b52b5755c17be6962f8ccd65d1dbd23"},
    {file = "coverage-7.8.0-cp311-cp311-macosx_10_9_x86_64.whl", hash = "sha256:e7ac22a0bb2c7c49f441f7a6d46c9c80d96e56f5a8bc6972529ed43c8b694e27"},
    {file = "coverage-7.8.0-cp311-cp311-macosx_11_0_arm64.whl", hash = "sha256:bf13d564d310c156d1c8e53877baf2993fb3073b2fc9f69790ca6a732eb4bfea"},
    {file = "coverage-7.8.0-cp311-cp311-manylinux_2_17_aarch64.manylinux2014_aarch64.whl", hash = "sha256:a5761c70c017c1b0d21b0815a920ffb94a670c8d5d409d9b38857874c21f70d7"},
    {file = "coverage-7.8.0-cp311-cp311-manylinux_2_5_i686.manylinux1_i686.manylinux_2_17_i686.manylinux2014_i686.whl", hash = "sha256:e5ff52d790c7e1628241ffbcaeb33e07d14b007b6eb00a19320c7b8a7024c040"},
    {file = "coverage-7.8.0-cp311-cp311-manylinux_2_5_x86_64.manylinux1_x86_64.manylinux_2_17_x86_64.manylinux2014_x86_64.whl", hash = "sha256:d39fc4817fd67b3915256af5dda75fd4ee10621a3d484524487e33416c6f3543"},
    {file = "coverage-7.8.0-cp311-cp311-musllinux_1_2_aarch64.whl", hash = "sha256:b44674870709017e4b4036e3d0d6c17f06a0e6d4436422e0ad29b882c40697d2"},
    {file = "coverage-7.8.0-cp311-cp311-musllinux_1_2_i686.whl", hash = "sha256:8f99eb72bf27cbb167b636eb1726f590c00e1ad375002230607a844d9e9a2318"},
    {file = "coverage-7.8.0-cp311-cp311-musllinux_1_2_x86_64.whl", hash = "sha256:b571bf5341ba8c6bc02e0baeaf3b061ab993bf372d982ae509807e7f112554e9"},
    {file = "coverage-7.8.0-cp311-cp311-win32.whl", hash = "sha256:e75a2ad7b647fd8046d58c3132d7eaf31b12d8a53c0e4b21fa9c4d23d6ee6d3c"},
    {file = "coverage-7.8.0-cp311-cp311-win_amd64.whl", hash = "sha256:3043ba1c88b2139126fc72cb48574b90e2e0546d4c78b5299317f61b7f718b78"},
    {file = "coverage-7.8.0-cp312-cp312-macosx_10_13_x86_64.whl", hash = "sha256:bbb5cc845a0292e0c520656d19d7ce40e18d0e19b22cb3e0409135a575bf79fc"},
    {file = "coverage-7.8.0-cp312-cp312-macosx_11_0_arm64.whl", hash = "sha256:4dfd9a93db9e78666d178d4f08a5408aa3f2474ad4d0e0378ed5f2ef71640cb6"},
    {file = "coverage-7.8.0-cp312-cp312-manylinux_2_17_aarch64.manylinux2014_aarch64.whl", hash = "sha256:f017a61399f13aa6d1039f75cd467be388d157cd81f1a119b9d9a68ba6f2830d"},
    {file = "coverage-7.8.0-cp312-cp312-manylinux_2_5_i686.manylinux1_i686.manylinux_2_17_i686.manylinux2014_i686.whl", hash = "sha256:0915742f4c82208ebf47a2b154a5334155ed9ef9fe6190674b8a46c2fb89cb05"},
    {file = "coverage-7.8.0-cp312-cp312-manylinux_2_5_x86_64.manylinux1_x86_64.manylinux_2_17_x86_64.manylinux2014_x86_64.whl", hash = "sha256:8a40fcf208e021eb14b0fac6bdb045c0e0cab53105f93ba0d03fd934c956143a"},
    {file = "coverage-7.8.0-cp312-cp312-musllinux_1_2_aarch64.whl", hash = "sha256:a1f406a8e0995d654b2ad87c62caf6befa767885301f3b8f6f73e6f3c31ec3a6"},
    {file = "coverage-7.8.0-cp312-cp312-musllinux_1_2_i686.whl", hash = "sha256:77af0f6447a582fdc7de5e06fa3757a3ef87769fbb0fdbdeba78c23049140a47"},
    {file = "coverage-7.8.0-cp312-cp312-musllinux_1_2_x86_64.whl", hash = "sha256:f2d32f95922927186c6dbc8bc60df0d186b6edb828d299ab10898ef3f40052fe"},
    {file = "coverage-7.8.0-cp312-cp312-win32.whl", hash = "sha256:769773614e676f9d8e8a0980dd7740f09a6ea386d0f383db6821df07d0f08545"},
    {file = "coverage-7.8.0-cp312-cp312-win_amd64.whl", hash = "sha256:e5d2b9be5b0693cf21eb4ce0ec8d211efb43966f6657807f6859aab3814f946b"},
    {file = "coverage-7.8.0-cp313-cp313-macosx_10_13_x86_64.whl", hash = "sha256:5ac46d0c2dd5820ce93943a501ac5f6548ea81594777ca585bf002aa8854cacd"},
    {file = "coverage-7.8.0-cp313-cp313-macosx_11_0_arm64.whl", hash = "sha256:771eb7587a0563ca5bb6f622b9ed7f9d07bd08900f7589b4febff05f469bea00"},
    {file = "coverage-7.8.0-cp313-cp313-manylinux_2_17_aarch64.manylinux2014_aarch64.whl", hash = "sha256:42421e04069fb2cbcbca5a696c4050b84a43b05392679d4068acbe65449b5c64"},
    {file = "coverage-7.8.0-cp313-cp313-manylinux_2_5_i686.manylinux1_i686.manylinux_2_17_i686.manylinux2014_i686.whl", hash = "sha256:554fec1199d93ab30adaa751db68acec2b41c5602ac944bb19187cb9a41a8067"},
    {file = "coverage-7.8.0-cp313-cp313-manylinux_2_5_x86_64.manylinux1_x86_64.manylinux_2_17_x86_64.manylinux2014_x86_64.whl", hash = "sha256:5aaeb00761f985007b38cf463b1d160a14a22c34eb3f6a39d9ad6fc27cb73008"},
    {file = "coverage-7.8.0-cp313-cp313-musllinux_1_2_aarch64.whl", hash = "sha256:581a40c7b94921fffd6457ffe532259813fc68eb2bdda60fa8cc343414ce3733"},
    {file = "coverage-7.8.0-cp313-cp313-musllinux_1_2_i686.whl", hash = "sha256:f319bae0321bc838e205bf9e5bc28f0a3165f30c203b610f17ab5552cff90323"},
    {file = "coverage-7.8.0-cp313-cp313-musllinux_1_2_x86_64.whl", hash = "sha256:04bfec25a8ef1c5f41f5e7e5c842f6b615599ca8ba8391ec33a9290d9d2db3a3"},
    {file = "coverage-7.8.0-cp313-cp313-win32.whl", hash = "sha256:dd19608788b50eed889e13a5d71d832edc34fc9dfce606f66e8f9f917eef910d"},
    {file = "coverage-7.8.0-cp313-cp313-win_amd64.whl", hash = "sha256:a9abbccd778d98e9c7e85038e35e91e67f5b520776781d9a1e2ee9d400869487"},
    {file = "coverage-7.8.0-cp313-cp313t-macosx_10_13_x86_64.whl", hash = "sha256:18c5ae6d061ad5b3e7eef4363fb27a0576012a7447af48be6c75b88494c6cf25"},
    {file = "coverage-7.8.0-cp313-cp313t-macosx_11_0_arm64.whl", hash = "sha256:95aa6ae391a22bbbce1b77ddac846c98c5473de0372ba5c463480043a07bff42"},
    {file = "coverage-7.8.0-cp313-cp313t-manylinux_2_17_aarch64.manylinux2014_aarch64.whl", hash = "sha256:e013b07ba1c748dacc2a80e69a46286ff145935f260eb8c72df7185bf048f502"},
    {file = "coverage-7.8.0-cp313-cp313t-manylinux_2_5_i686.manylinux1_i686.manylinux_2_17_i686.manylinux2014_i686.whl", hash = "sha256:d766a4f0e5aa1ba056ec3496243150698dc0481902e2b8559314368717be82b1"},
    {file = "coverage-7.8.0-cp313-cp313t-manylinux_2_5_x86_64.manylinux1_x86_64.manylinux_2_17_x86_64.manylinux2014_x86_64.whl", hash = "sha256:ad80e6b4a0c3cb6f10f29ae4c60e991f424e6b14219d46f1e7d442b938ee68a4"},
    {file = "coverage-7.8.0-cp313-cp313t-musllinux_1_2_aarch64.whl", hash = "sha256:b87eb6fc9e1bb8f98892a2458781348fa37e6925f35bb6ceb9d4afd54ba36c73"},
    {file = "coverage-7.8.0-cp313-cp313t-musllinux_1_2_i686.whl", hash = "sha256:d1ba00ae33be84066cfbe7361d4e04dec78445b2b88bdb734d0d1cbab916025a"},
    {file = "coverage-7.8.0-cp313-cp313t-musllinux_1_2_x86_64.whl", hash = "sha256:f3c38e4e5ccbdc9198aecc766cedbb134b2d89bf64533973678dfcf07effd883"},
    {file = "coverage-7.8.0-cp313-cp313t-win32.whl", hash = "sha256:379fe315e206b14e21db5240f89dc0774bdd3e25c3c58c2c733c99eca96f1ada"},
    {file = "coverage-7.8.0-cp313-cp313t-win_amd64.whl", hash = "sha256:2e4b6b87bb0c846a9315e3ab4be2d52fac905100565f4b92f02c445c8799e257"},
    {file = "coverage-7.8.0-cp39-cp39-macosx_10_9_x86_64.whl", hash = "sha256:fa260de59dfb143af06dcf30c2be0b200bed2a73737a8a59248fcb9fa601ef0f"},
    {file = "coverage-7.8.0-cp39-cp39-macosx_11_0_arm64.whl", hash = "sha256:96121edfa4c2dfdda409877ea8608dd01de816a4dc4a0523356067b305e4e17a"},
    {file = "coverage-7.8.0-cp39-cp39-manylinux_2_17_aarch64.manylinux2014_aarch64.whl", hash = "sha256:6b8af63b9afa1031c0ef05b217faa598f3069148eeee6bb24b79da9012423b82"},
    {file = "coverage-7.8.0-cp39-cp39-manylinux_2_5_i686.manylinux1_i686.manylinux_2_17_i686.manylinux2014_i686.whl", hash = "sha256:89b1f4af0d4afe495cd4787a68e00f30f1d15939f550e869de90a86efa7e0814"},
    {file = "coverage-7.8.0-cp39-cp39-manylinux_2_5_x86_64.manylinux1_x86_64.manylinux_2_17_x86_64.manylinux2014_x86_64.whl", hash = "sha256:94ec0be97723ae72d63d3aa41961a0b9a6f5a53ff599813c324548d18e3b9e8c"},
    {file = "coverage-7.8.0-cp39-cp39-musllinux_1_2_aarch64.whl", hash = "sha256:8a1d96e780bdb2d0cbb297325711701f7c0b6f89199a57f2049e90064c29f6bd"},
    {file = "coverage-7.8.0-cp39-cp39-musllinux_1_2_i686.whl", hash = "sha256:f1d8a2a57b47142b10374902777e798784abf400a004b14f1b0b9eaf1e528ba4"},
    {file = "coverage-7.8.0-cp39-cp39-musllinux_1_2_x86_64.whl", hash = "sha256:cf60dd2696b457b710dd40bf17ad269d5f5457b96442f7f85722bdb16fa6c899"},
    {file = "coverage-7.8.0-cp39-cp39-win32.whl", hash = "sha256:be945402e03de47ba1872cd5236395e0f4ad635526185a930735f66710e1bd3f"},
    {file = "coverage-7.8.0-cp39-cp39-win_amd64.whl", hash = "sha256:90e7fbc6216ecaffa5a880cdc9c77b7418c1dcb166166b78dbc630d07f278cc3"},
    {file = "coverage-7.8.0-pp39.pp310.pp311-none-any.whl", hash = "sha256:b8194fb8e50d556d5849753de991d390c5a1edeeba50f68e3a9253fbd8bf8ccd"},
    {file = "coverage-7.8.0-py3-none-any.whl", hash = "sha256:dbf364b4c5e7bae9250528167dfe40219b62e2d573c854d74be213e1e52069f7"},
    {file = "coverage-7.8.0.tar.gz", hash = "sha256:7a3d62b3b03b4b6fd41a085f3574874cf946cb4604d2b4d3e8dca8cd570ca501"},
]

[package.extras]
toml = ["tomli ; python_full_version <= \"3.11.0a6\""]

[[package]]
name = "greenlet"
version = "3.2.2"
description = "Lightweight in-process concurrent programming"
optional = false
python-versions = ">=3.9"
groups = ["main"]
markers = "platform_machine == \"aarch64\" or platform_machine == \"ppc64le\" or platform_machine == \"x86_64\" or platform_machine == \"amd64\" or platform_machine == \"AMD64\" or platform_machine == \"win32\" or platform_machine == \"WIN32\""
files = [
    {file = "greenlet-3.2.2-cp310-cp310-macosx_11_0_universal2.whl", hash = "sha256:c49e9f7c6f625507ed83a7485366b46cbe325717c60837f7244fc99ba16ba9d6"},
    {file = "greenlet-3.2.2-cp310-cp310-manylinux_2_17_aarch64.manylinux2014_aarch64.whl", hash = "sha256:c3cc1a3ed00ecfea8932477f729a9f616ad7347a5e55d50929efa50a86cb7be7"},
    {file = "greenlet-3.2.2-cp310-cp310-manylinux_2_17_ppc64le.manylinux2014_ppc64le.whl", hash = "sha256:7c9896249fbef2c615853b890ee854f22c671560226c9221cfd27c995db97e5c"},
    {file = "greenlet-3.2.2-cp310-cp310-manylinux_2_17_s390x.manylinux2014_s390x.whl", hash = "sha256:7409796591d879425997a518138889d8d17e63ada7c99edc0d7a1c22007d4907"},
    {file = "greenlet-3.2.2-cp310-cp310-manylinux_2_17_x86_64.manylinux2014_x86_64.whl", hash = "sha256:7791dcb496ec53d60c7f1c78eaa156c21f402dda38542a00afc3e20cae0f480f"},
    {file = "greenlet-3.2.2-cp310-cp310-manylinux_2_24_x86_64.manylinux_2_28_x86_64.whl", hash = "sha256:d8009ae46259e31bc73dc183e402f548e980c96f33a6ef58cc2e7865db012e13"},
    {file = "greenlet-3.2.2-cp310-cp310-musllinux_1_1_aarch64.whl", hash = "sha256:fd9fb7c941280e2c837b603850efc93c999ae58aae2b40765ed682a6907ebbc5"},
    {file = "greenlet-3.2.2-cp310-cp310-musllinux_1_1_x86_64.whl", hash = "sha256:00cd814b8959b95a546e47e8d589610534cfb71f19802ea8a2ad99d95d702057"},
    {file = "greenlet-3.2.2-cp310-cp310-win_amd64.whl", hash = "sha256:d0cb7d47199001de7658c213419358aa8937df767936506db0db7ce1a71f4a2f"},
    {file = "greenlet-3.2.2-cp311-cp311-macosx_11_0_universal2.whl", hash = "sha256:dcb9cebbf3f62cb1e5afacae90761ccce0effb3adaa32339a0670fe7805d8068"},
    {file = "greenlet-3.2.2-cp311-cp311-manylinux_2_17_aarch64.manylinux2014_aarch64.whl", hash = "sha256:bf3fc9145141250907730886b031681dfcc0de1c158f3cc51c092223c0f381ce"},
    {file = "greenlet-3.2.2-cp311-cp311-manylinux_2_17_ppc64le.manylinux2014_ppc64le.whl", hash = "sha256:efcdfb9df109e8a3b475c016f60438fcd4be68cd13a365d42b35914cdab4bb2b"},
    {file = "greenlet-3.2.2-cp311-cp311-manylinux_2_17_s390x.manylinux2014_s390x.whl", hash = "sha256:4bd139e4943547ce3a56ef4b8b1b9479f9e40bb47e72cc906f0f66b9d0d5cab3"},
    {file = "greenlet-3.2.2-cp311-cp311-manylinux_2_17_x86_64.manylinux2014_x86_64.whl", hash = "sha256:71566302219b17ca354eb274dfd29b8da3c268e41b646f330e324e3967546a74"},
    {file = "greenlet-3.2.2-cp311-cp311-manylinux_2_24_x86_64.manylinux_2_28_x86_64.whl", hash = "sha256:3091bc45e6b0c73f225374fefa1536cd91b1e987377b12ef5b19129b07d93ebe"},
    {file = "greenlet-3.2.2-cp311-cp311-musllinux_1_1_aarch64.whl", hash = "sha256:44671c29da26539a5f142257eaba5110f71887c24d40df3ac87f1117df589e0e"},
    {file = "greenlet-3.2.2-cp311-cp311-musllinux_1_1_x86_64.whl", hash = "sha256:c23ea227847c9dbe0b3910f5c0dd95658b607137614eb821e6cbaecd60d81cc6"},
    {file = "greenlet-3.2.2-cp311-cp311-win_amd64.whl", hash = "sha256:0a16fb934fcabfdfacf21d79e6fed81809d8cd97bc1be9d9c89f0e4567143d7b"},
    {file = "greenlet-3.2.2-cp312-cp312-macosx_11_0_universal2.whl", hash = "sha256:df4d1509efd4977e6a844ac96d8be0b9e5aa5d5c77aa27ca9f4d3f92d3fcf330"},
    {file = "greenlet-3.2.2-cp312-cp312-manylinux_2_17_aarch64.manylinux2014_aarch64.whl", hash = "sha256:da956d534a6d1b9841f95ad0f18ace637668f680b1339ca4dcfb2c1837880a0b"},
    {file = "greenlet-3.2.2-cp312-cp312-manylinux_2_17_ppc64le.manylinux2014_ppc64le.whl", hash = "sha256:9c7b15fb9b88d9ee07e076f5a683027bc3befd5bb5d25954bb633c385d8b737e"},
    {file = "greenlet-3.2.2-cp312-cp312-manylinux_2_17_s390x.manylinux2014_s390x.whl", hash = "sha256:752f0e79785e11180ebd2e726c8a88109ded3e2301d40abced2543aa5d164275"},
    {file = "greenlet-3.2.2-cp312-cp312-manylinux_2_17_x86_64.manylinux2014_x86_64.whl", hash = "sha256:9ae572c996ae4b5e122331e12bbb971ea49c08cc7c232d1bd43150800a2d6c65"},
    {file = "greenlet-3.2.2-cp312-cp312-manylinux_2_24_x86_64.manylinux_2_28_x86_64.whl", hash = "sha256:02f5972ff02c9cf615357c17ab713737cccfd0eaf69b951084a9fd43f39833d3"},
    {file = "greenlet-3.2.2-cp312-cp312-musllinux_1_1_aarch64.whl", hash = "sha256:4fefc7aa68b34b9224490dfda2e70ccf2131368493add64b4ef2d372955c207e"},
    {file = "greenlet-3.2.2-cp312-cp312-musllinux_1_1_x86_64.whl", hash = "sha256:a31ead8411a027c2c4759113cf2bd473690517494f3d6e4bf67064589afcd3c5"},
    {file = "greenlet-3.2.2-cp312-cp312-win_amd64.whl", hash = "sha256:b24c7844c0a0afc3ccbeb0b807adeefb7eff2b5599229ecedddcfeb0ef333bec"},
    {file = "greenlet-3.2.2-cp313-cp313-macosx_11_0_universal2.whl", hash = "sha256:3ab7194ee290302ca15449f601036007873028712e92ca15fc76597a0aeb4c59"},
    {file = "greenlet-3.2.2-cp313-cp313-manylinux_2_17_aarch64.manylinux2014_aarch64.whl", hash = "sha256:2dc5c43bb65ec3669452af0ab10729e8fdc17f87a1f2ad7ec65d4aaaefabf6bf"},
    {file = "greenlet-3.2.2-cp313-cp313-manylinux_2_17_ppc64le.manylinux2014_ppc64le.whl", hash = "sha256:decb0658ec19e5c1f519faa9a160c0fc85a41a7e6654b3ce1b44b939f8bf1325"},
    {file = "greenlet-3.2.2-cp313-cp313-manylinux_2_17_s390x.manylinux2014_s390x.whl", hash = "sha256:6fadd183186db360b61cb34e81117a096bff91c072929cd1b529eb20dd46e6c5"},
    {file = "greenlet-3.2.2-cp313-cp313-manylinux_2_17_x86_64.manylinux2014_x86_64.whl", hash = "sha256:1919cbdc1c53ef739c94cf2985056bcc0838c1f217b57647cbf4578576c63825"},
    {file = "greenlet-3.2.2-cp313-cp313-manylinux_2_24_x86_64.manylinux_2_28_x86_64.whl", hash = "sha256:3885f85b61798f4192d544aac7b25a04ece5fe2704670b4ab73c2d2c14ab740d"},
    {file = "greenlet-3.2.2-cp313-cp313-musllinux_1_1_aarch64.whl", hash = "sha256:85f3e248507125bf4af607a26fd6cb8578776197bd4b66e35229cdf5acf1dfbf"},
    {file = "greenlet-3.2.2-cp313-cp313-musllinux_1_1_x86_64.whl", hash = "sha256:1e76106b6fc55fa3d6fe1c527f95ee65e324a13b62e243f77b48317346559708"},
    {file = "greenlet-3.2.2-cp313-cp313-win_amd64.whl", hash = "sha256:fe46d4f8e94e637634d54477b0cfabcf93c53f29eedcbdeecaf2af32029b4421"},
    {file = "greenlet-3.2.2-cp313-cp313t-manylinux_2_17_aarch64.manylinux2014_aarch64.whl", hash = "sha256:ba30e88607fb6990544d84caf3c706c4b48f629e18853fc6a646f82db9629418"},
    {file = "greenlet-3.2.2-cp313-cp313t-manylinux_2_17_ppc64le.manylinux2014_ppc64le.whl", hash = "sha256:055916fafad3e3388d27dd68517478933a97edc2fc54ae79d3bec827de2c64c4"},
    {file = "greenlet-3.2.2-cp313-cp313t-manylinux_2_17_s390x.manylinux2014_s390x.whl", hash = "sha256:2593283bf81ca37d27d110956b79e8723f9aa50c4bcdc29d3c0543d4743d2763"},
    {file = "greenlet-3.2.2-cp313-cp313t-manylinux_2_17_x86_64.manylinux2014_x86_64.whl", hash = "sha256:89c69e9a10670eb7a66b8cef6354c24671ba241f46152dd3eed447f79c29fb5b"},
    {file = "greenlet-3.2.2-cp313-cp313t-manylinux_2_24_x86_64.manylinux_2_28_x86_64.whl", hash = "sha256:02a98600899ca1ca5d3a2590974c9e3ec259503b2d6ba6527605fcd74e08e207"},
    {file = "greenlet-3.2.2-cp313-cp313t-musllinux_1_1_aarch64.whl", hash = "sha256:b50a8c5c162469c3209e5ec92ee4f95c8231b11db6a04db09bbe338176723bb8"},
    {file = "greenlet-3.2.2-cp313-cp313t-musllinux_1_1_x86_64.whl", hash = "sha256:45f9f4853fb4cc46783085261c9ec4706628f3b57de3e68bae03e8f8b3c0de51"},
    {file = "greenlet-3.2.2-cp314-cp314-macosx_11_0_universal2.whl", hash = "sha256:9ea5231428af34226c05f927e16fc7f6fa5e39e3ad3cd24ffa48ba53a47f4240"},
    {file = "greenlet-3.2.2-cp39-cp39-macosx_11_0_universal2.whl", hash = "sha256:1e4747712c4365ef6765708f948acc9c10350719ca0545e362c24ab973017370"},
    {file = "greenlet-3.2.2-cp39-cp39-manylinux_2_17_aarch64.manylinux2014_aarch64.whl", hash = "sha256:782743700ab75716650b5238a4759f840bb2dcf7bff56917e9ffdf9f1f23ec59"},
    {file = "greenlet-3.2.2-cp39-cp39-manylinux_2_17_ppc64le.manylinux2014_ppc64le.whl", hash = "sha256:354f67445f5bed6604e493a06a9a49ad65675d3d03477d38a4db4a427e9aad0e"},
    {file = "greenlet-3.2.2-cp39-cp39-manylinux_2_17_s390x.manylinux2014_s390x.whl", hash = "sha256:3aeca9848d08ce5eb653cf16e15bb25beeab36e53eb71cc32569f5f3afb2a3aa"},
    {file = "greenlet-3.2.2-cp39-cp39-manylinux_2_17_x86_64.manylinux2014_x86_64.whl", hash = "sha256:8cb8553ee954536500d88a1a2f58fcb867e45125e600e80f586ade399b3f8819"},
    {file = "greenlet-3.2.2-cp39-cp39-manylinux_2_24_x86_64.manylinux_2_28_x86_64.whl", hash = "sha256:1592a615b598643dbfd566bac8467f06c8c8ab6e56f069e573832ed1d5d528cc"},
    {file = "greenlet-3.2.2-cp39-cp39-musllinux_1_1_aarch64.whl", hash = "sha256:1f72667cc341c95184f1c68f957cb2d4fc31eef81646e8e59358a10ce6689457"},
    {file = "greenlet-3.2.2-cp39-cp39-musllinux_1_1_x86_64.whl", hash = "sha256:a8fa80665b1a29faf76800173ff5325095f3e66a78e62999929809907aca5659"},
    {file = "greenlet-3.2.2-cp39-cp39-win32.whl", hash = "sha256:6629311595e3fe7304039c67f00d145cd1d38cf723bb5b99cc987b23c1433d61"},
    {file = "greenlet-3.2.2-cp39-cp39-win_amd64.whl", hash = "sha256:eeb27bece45c0c2a5842ac4c5a1b5c2ceaefe5711078eed4e8043159fa05c834"},
    {file = "greenlet-3.2.2.tar.gz", hash = "sha256:ad053d34421a2debba45aa3cc39acf454acbcd025b3fc1a9f8a0dee237abd485"},
]

[package.extras]
docs = ["Sphinx", "furo"]
test = ["objgraph", "psutil"]

[[package]]
name = "iniconfig"
version = "2.1.0"
description = "brain-dead simple config-ini parsing"
optional = false
python-versions = ">=3.8"
groups = ["dev"]
files = [
    {file = "iniconfig-2.1.0-py3-none-any.whl", hash = "sha256:9deba5723312380e77435581c6bf4935c94cbfab9b1ed33ef8d238ea168eb760"},
    {file = "iniconfig-2.1.0.tar.gz", hash = "sha256:3abbd2e30b36733fee78f9c7f7308f2d0050e88f0087fd25c2645f63c773e1c7"},
]

[[package]]
name = "packaging"
version = "25.0"
description = "Core utilities for Python packages"
optional = false
python-versions = ">=3.8"
groups = ["dev"]
files = [
    {file = "packaging-25.0-py3-none-any.whl", hash = "sha256:29572ef2b1f17581046b3a2227d5c611fb25ec70ca1ba8554b24b0e69331a484"},
    {file = "packaging-25.0.tar.gz", hash = "sha256:d443872c98d677bf60f6a1f2f8c1cb748e8fe762d2bf9d3148b5599295b0fc4f"},
]

[[package]]
name = "pluggy"
version = "1.5.0"
description = "plugin and hook calling mechanisms for python"
optional = false
python-versions = ">=3.8"
groups = ["dev"]
files = [
    {file = "pluggy-1.5.0-py3-none-any.whl", hash = "sha256:44e1ad92c8ca002de6377e165f3e0f1be63266ab4d554740532335b9d75ea669"},
    {file = "pluggy-1.5.0.tar.gz", hash = "sha256:2cffa88e94fdc978c4c574f15f9e59b7f4201d439195c3715ca9e2486f1d0cf1"},
]

[package.extras]
dev = ["pre-commit", "tox"]
testing = ["pytest", "pytest-benchmark"]

[[package]]
name = "psycopg2"
version = "2.9.10"
description = "psycopg2 - Python-PostgreSQL Database Adapter"
optional = false
python-versions = ">=3.8"
groups = ["main"]
files = [
    {file = "psycopg2-2.9.10-cp310-cp310-win32.whl", hash = "sha256:5df2b672140f95adb453af93a7d669d7a7bf0a56bcd26f1502329166f4a61716"},
    {file = "psycopg2-2.9.10-cp310-cp310-win_amd64.whl", hash = "sha256:c6f7b8561225f9e711a9c47087388a97fdc948211c10a4bccbf0ba68ab7b3b5a"},
    {file = "psycopg2-2.9.10-cp311-cp311-win32.whl", hash = "sha256:47c4f9875125344f4c2b870e41b6aad585901318068acd01de93f3677a6522c2"},
    {file = "psycopg2-2.9.10-cp311-cp311-win_amd64.whl", hash = "sha256:0435034157049f6846e95103bd8f5a668788dd913a7c30162ca9503fdf542cb4"},
    {file = "psycopg2-2.9.10-cp312-cp312-win32.whl", hash = "sha256:65a63d7ab0e067e2cdb3cf266de39663203d38d6a8ed97f5ca0cb315c73fe067"},
    {file = "psycopg2-2.9.10-cp312-cp312-win_amd64.whl", hash = "sha256:4a579d6243da40a7b3182e0430493dbd55950c493d8c68f4eec0b302f6bbf20e"},
    {file = "psycopg2-2.9.10-cp313-cp313-win_amd64.whl", hash = "sha256:91fd603a2155da8d0cfcdbf8ab24a2d54bca72795b90d2a3ed2b6da8d979dee2"},
    {file = "psycopg2-2.9.10-cp39-cp39-win32.whl", hash = "sha256:9d5b3b94b79a844a986d029eee38998232451119ad653aea42bb9220a8c5066b"},
    {file = "psycopg2-2.9.10-cp39-cp39-win_amd64.whl", hash = "sha256:88138c8dedcbfa96408023ea2b0c369eda40fe5d75002c0964c78f46f11fa442"},
    {file = "psycopg2-2.9.10.tar.gz", hash = "sha256:12ec0b40b0273f95296233e8750441339298e6a572f7039da5b260e3c8b60e11"},
]

[[package]]
name = "pyside6"
version = "6.9.0"
description = "Python bindings for the Qt cross-platform application and UI framework"
optional = false
python-versions = "<3.14,>=3.9"
groups = ["main"]
files = [
    {file = "PySide6-6.9.0-cp39-abi3-macosx_12_0_universal2.whl", hash = "sha256:b8f286a1bd143f3b2bdf08367b9362b13f469d26986c25700af9c4c68f79213e"},
    {file = "PySide6-6.9.0-cp39-abi3-manylinux_2_28_x86_64.whl", hash = "sha256:09239d1b808f18efccd3803db874d683917efcdebfdf0e8dec449cf50e74e7aa"},
    {file = "PySide6-6.9.0-cp39-abi3-manylinux_2_39_aarch64.whl", hash = "sha256:1a176409dd0dd12b72d2c78b776e5051f569071ec52b7aaadd0a5b3333493c24"},
    {file = "PySide6-6.9.0-cp39-abi3-win_amd64.whl", hash = "sha256:0103e5d161696db40d75bfbf4e4b7d4f3372903c1b400c4e3379377b62c50290"},
    {file = "PySide6-6.9.0-cp39-abi3-win_arm64.whl", hash = "sha256:846fbccf0b3501eb31cf0791a46e137615efba6ce540da2b426d79fa3e7762c4"},
]

[package.dependencies]
PySide6-Addons = "6.9.0"
PySide6-Essentials = "6.9.0"
shiboken6 = "6.9.0"

[[package]]
name = "pyside6-addons"
version = "6.9.0"
description = "Python bindings for the Qt cross-platform application and UI framework (Addons)"
optional = false
python-versions = "<3.14,>=3.9"
groups = ["main"]
files = [
    {file = "PySide6_Addons-6.9.0-cp39-abi3-macosx_12_0_universal2.whl", hash = "sha256:98f9ad4b65820736e12d49c18db2e570eac63727407fbb59a62ac753e89dc201"},
    {file = "PySide6_Addons-6.9.0-cp39-abi3-manylinux_2_28_x86_64.whl", hash = "sha256:fc9dcd63a0ce7565f238cb11c44494435a50eb6cb72b8dbce3b709618989c3dc"},
    {file = "PySide6_Addons-6.9.0-cp39-abi3-manylinux_2_39_aarch64.whl", hash = "sha256:d8a650644e0b9d1e7a092f6bcd11f25a63706d12f77d442b6ace75d346ab5d30"},
    {file = "PySide6_Addons-6.9.0-cp39-abi3-win_amd64.whl", hash = "sha256:8cf54065b3d1b4698448fad825378a25c10ef52017d9dff48cead03200636d8d"},
    {file = "PySide6_Addons-6.9.0-cp39-abi3-win_arm64.whl", hash = "sha256:260a56da59539f476c1635a3ff13591e10f1b04d92155c0617129bc53ca8b5f8"},
]

[package.dependencies]
PySide6-Essentials = "6.9.0"
shiboken6 = "6.9.0"

[[package]]
name = "pyside6-essentials"
version = "6.9.0"
description = "Python bindings for the Qt cross-platform application and UI framework (Essentials)"
optional = false
python-versions = "<3.14,>=3.9"
groups = ["main"]
files = [
    {file = "PySide6_Essentials-6.9.0-cp39-abi3-macosx_12_0_universal2.whl", hash = "sha256:b18e3e01b507e8a57481fe19792eb373d5f10a23a50702ce540da1435e722f39"},
    {file = "PySide6_Essentials-6.9.0-cp39-abi3-manylinux_2_28_x86_64.whl", hash = "sha256:45eaf7f17688d1991f39680dbfd3c41674f3cbb78f278aa10fe0b5f2f31c1989"},
    {file = "PySide6_Essentials-6.9.0-cp39-abi3-manylinux_2_39_aarch64.whl", hash = "sha256:69aedfad77119c5bec0005ca31d5620e9bac8ba5ae66c7389160530cfd698ed8"},
    {file = "PySide6_Essentials-6.9.0-cp39-abi3-win_amd64.whl", hash = "sha256:94a0096d6bb1d3e5cef29ca4a5366d0f229d42480fbb17aa25ad85d72b1b7947"},
    {file = "PySide6_Essentials-6.9.0-cp39-abi3-win_arm64.whl", hash = "sha256:d2dc45536f2269ad111991042e81257124f1cd1c9ed5ea778d7224fd65dc9e2b"},
]

[package.dependencies]
shiboken6 = "6.9.0"

[[package]]
name = "pytest"
version = "8.3.5"
description = "pytest: simple powerful testing with Python"
optional = false
python-versions = ">=3.8"
groups = ["dev"]
files = [
    {file = "pytest-8.3.5-py3-none-any.whl", hash = "sha256:c69214aa47deac29fad6c2a4f590b9c4a9fdb16a403176fe154b79c0b4d4d820"},
    {file = "pytest-8.3.5.tar.gz", hash = "sha256:f4efe70cc14e511565ac476b57c279e12a855b11f48f212af1080ef2263d3845"},
]

[package.dependencies]
colorama = {version = "*", markers = "sys_platform == \"win32\""}
iniconfig = "*"
packaging = "*"
pluggy = ">=1.5,<2"

[package.extras]
dev = ["argcomplete", "attrs (>=19.2)", "hypothesis (>=3.56)", "mock", "pygments (>=2.7.2)", "requests", "setuptools", "xmlschema"]

[[package]]
name = "pytest-cov"
version = "4.1.0"
description = "Pytest plugin for measuring coverage."
optional = false
python-versions = ">=3.7"
groups = ["dev"]
files = [
    {file = "pytest-cov-4.1.0.tar.gz", hash = "sha256:3904b13dfbfec47f003b8e77fd5b589cd11904a21ddf1ab38a64f204d6a10ef6"},
    {file = "pytest_cov-4.1.0-py3-none-any.whl", hash = "sha256:6ba70b9e97e69fcc3fb45bfeab2d0a138fb65c4d0d6a41ef33983ad114be8c3a"},
]

[package.dependencies]
coverage = {version = ">=5.2.1", extras = ["toml"]}
pytest = ">=4.6"

[package.extras]
testing = ["fields", "hunter", "process-tests", "pytest-xdist", "six", "virtualenv"]

[[package]]
name = "python-dateutil"
version = "2.9.0.post0"
description = "Extensions to the standard Python datetime module"
optional = false
python-versions = "!=3.0.*,!=3.1.*,!=3.2.*,>=2.7"
groups = ["main"]
files = [
    {file = "python-dateutil-2.9.0.post0.tar.gz", hash = "sha256:37dd54208da7e1cd875388217d5e00ebd4179249f90fb72437e91a35459a0ad3"},
    {file = "python_dateutil-2.9.0.post0-py2.py3-none-any.whl", hash = "sha256:a8b2bc7bffae282281c8140a97d3aa9c14da0b136dfe83f850eea9a5f7470427"},
]

[package.dependencies]
six = ">=1.5"

[[package]]
name = "shiboken6"
version = "6.9.0"
description = "Python/C++ bindings helper module"
optional = false
python-versions = "<3.14,>=3.9"
groups = ["main"]
files = [
    {file = "shiboken6-6.9.0-cp39-abi3-macosx_12_0_universal2.whl", hash = "sha256:c4d8e3a5907154ac4789e52c77957db95bcf584238c244d7743cb39e9b66dd26"},
    {file = "shiboken6-6.9.0-cp39-abi3-manylinux_2_28_x86_64.whl", hash = "sha256:3f585caae5b814a7e23308db0a077355a7dc20c34d58ca4c339ff7625e9a1936"},
    {file = "shiboken6-6.9.0-cp39-abi3-manylinux_2_39_aarch64.whl", hash = "sha256:b61579b90bf9c53ecc174085a69429166dfe57a0b8b894f933d1281af9df6568"},
    {file = "shiboken6-6.9.0-cp39-abi3-win_amd64.whl", hash = "sha256:121ea290ed1afa5ad6abf690b377612693436292b69c61b0f8e10b1f0850f935"},
    {file = "shiboken6-6.9.0-cp39-abi3-win_arm64.whl", hash = "sha256:24f53857458881b54798d7e35704611d07f6b6885bcdf80f13a4c8bb485b8df2"},
]

[[package]]
name = "six"
version = "1.17.0"
description = "Python 2 and 3 compatibility utilities"
optional = false
python-versions = "!=3.0.*,!=3.1.*,!=3.2.*,>=2.7"
groups = ["main"]
files = [
    {file = "six-1.17.0-py2.py3-none-any.whl", hash = "sha256:4721f391ed90541fddacab5acf947aa0d3dc7d27b2e1e8eda2be8970586c3274"},
    {file = "six-1.17.0.tar.gz", hash = "sha256:ff70335d468e7eb6ec65b95b99d3a2836546063f63acc5171de367e834932a81"},
]

[[package]]
name = "sqlalchemy"
version = "2.0.40"
description = "Database Abstraction Library"
optional = false
python-versions = ">=3.7"
groups = ["main"]
files = [
    {file = "SQLAlchemy-2.0.40-cp37-cp37m-macosx_10_9_x86_64.whl", hash = "sha256:ae9597cab738e7cc823f04a704fb754a9249f0b6695a6aeb63b74055cd417a96"},
    {file = "SQLAlchemy-2.0.40-cp37-cp37m-manylinux_2_17_aarch64.manylinux2014_aarch64.whl", hash = "sha256:37a5c21ab099a83d669ebb251fddf8f5cee4d75ea40a5a1653d9c43d60e20867"},
    {file = "SQLAlchemy-2.0.40-cp37-cp37m-manylinux_2_17_x86_64.manylinux2014_x86_64.whl", hash = "sha256:bece9527f5a98466d67fb5d34dc560c4da964240d8b09024bb21c1246545e04e"},
    {file = "SQLAlchemy-2.0.40-cp37-cp37m-musllinux_1_2_aarch64.whl", hash = "sha256:8bb131ffd2165fae48162c7bbd0d97c84ab961deea9b8bab16366543deeab625"},
    {file = "SQLAlchemy-2.0.40-cp37-cp37m-musllinux_1_2_x86_64.whl", hash = "sha256:9408fd453d5f8990405cc9def9af46bfbe3183e6110401b407c2d073c3388f47"},
    {file = "SQLAlchemy-2.0.40-cp37-cp37m-win32.whl", hash = "sha256:00a494ea6f42a44c326477b5bee4e0fc75f6a80c01570a32b57e89cf0fbef85a"},
    {file = "SQLAlchemy-2.0.40-cp37-cp37m-win_amd64.whl", hash = "sha256:c7b927155112ac858357ccf9d255dd8c044fd9ad2dc6ce4c4149527c901fa4c3"},
    {file = "sqlalchemy-2.0.40-cp310-cp310-macosx_10_9_x86_64.whl", hash = "sha256:f1ea21bef99c703f44444ad29c2c1b6bd55d202750b6de8e06a955380f4725d7"},
    {file = "sqlalchemy-2.0.40-cp310-cp310-macosx_11_0_arm64.whl", hash = "sha256:afe63b208153f3a7a2d1a5b9df452b0673082588933e54e7c8aac457cf35e758"},
    {file = "sqlalchemy-2.0.40-cp310-cp310-manylinux_2_17_aarch64.manylinux2014_aarch64.whl", hash = "sha256:a8aae085ea549a1eddbc9298b113cffb75e514eadbb542133dd2b99b5fb3b6af"},
    {file = "sqlalchemy-2.0.40-cp310-cp310-manylinux_2_17_x86_64.manylinux2014_x86_64.whl", hash = "sha256:5ea9181284754d37db15156eb7be09c86e16e50fbe77610e9e7bee09291771a1"},
    {file = "sqlalchemy-2.0.40-cp310-cp310-musllinux_1_2_aarch64.whl", hash = "sha256:5434223b795be5c5ef8244e5ac98056e290d3a99bdcc539b916e282b160dda00"},
    {file = "sqlalchemy-2.0.40-cp310-cp310-musllinux_1_2_x86_64.whl", hash = "sha256:15d08d5ef1b779af6a0909b97be6c1fd4298057504eb6461be88bd1696cb438e"},
    {file = "sqlalchemy-2.0.40-cp310-cp310-win32.whl", hash = "sha256:cd2f75598ae70bcfca9117d9e51a3b06fe29edd972fdd7fd57cc97b4dbf3b08a"},
    {file = "sqlalchemy-2.0.40-cp310-cp310-win_amd64.whl", hash = "sha256:2cbafc8d39ff1abdfdda96435f38fab141892dc759a2165947d1a8fffa7ef596"},
    {file = "sqlalchemy-2.0.40-cp311-cp311-macosx_10_9_x86_64.whl", hash = "sha256:f6bacab7514de6146a1976bc56e1545bee247242fab030b89e5f70336fc0003e"},
    {file = "sqlalchemy-2.0.40-cp311-cp311-macosx_11_0_arm64.whl", hash = "sha256:5654d1ac34e922b6c5711631f2da497d3a7bffd6f9f87ac23b35feea56098011"},
    {file = "sqlalchemy-2.0.40-cp311-cp311-manylinux_2_17_aarch64.manylinux2014_aarch64.whl", hash = "sha256:35904d63412db21088739510216e9349e335f142ce4a04b69e2528020ee19ed4"},
    {file = "sqlalchemy-2.0.40-cp311-cp311-manylinux_2_17_x86_64.manylinux2014_x86_64.whl", hash = "sha256:9c7a80ed86d6aaacb8160a1caef6680d4ddd03c944d985aecee940d168c411d1"},
    {file = "sqlalchemy-2.0.40-cp311-cp311-musllinux_1_2_aarch64.whl", hash = "sha256:519624685a51525ddaa7d8ba8265a1540442a2ec71476f0e75241eb8263d6f51"},
    {file = "sqlalchemy-2.0.40-cp311-cp311-musllinux_1_2_x86_64.whl", hash = "sha256:2ee5f9999a5b0e9689bed96e60ee53c3384f1a05c2dd8068cc2e8361b0df5b7a"},
    {file = "sqlalchemy-2.0.40-cp311-cp311-win32.whl", hash = "sha256:c0cae71e20e3c02c52f6b9e9722bca70e4a90a466d59477822739dc31ac18b4b"},
    {file = "sqlalchemy-2.0.40-cp311-cp311-win_amd64.whl", hash = "sha256:574aea2c54d8f1dd1699449f332c7d9b71c339e04ae50163a3eb5ce4c4325ee4"},
    {file = "sqlalchemy-2.0.40-cp312-cp312-macosx_10_13_x86_64.whl", hash = "sha256:9d3b31d0a1c44b74d3ae27a3de422dfccd2b8f0b75e51ecb2faa2bf65ab1ba0d"},
    {file = "sqlalchemy-2.0.40-cp312-cp312-macosx_11_0_arm64.whl", hash = "sha256:37f7a0f506cf78c80450ed1e816978643d3969f99c4ac6b01104a6fe95c5490a"},
    {file = "sqlalchemy-2.0.40-cp312-cp312-manylinux_2_17_aarch64.manylinux2014_aarch64.whl", hash = "sha256:0bb933a650323e476a2e4fbef8997a10d0003d4da996aad3fd7873e962fdde4d"},
    {file = "sqlalchemy-2.0.40-cp312-cp312-manylinux_2_17_x86_64.manylinux2014_x86_64.whl", hash = "sha256:6959738971b4745eea16f818a2cd086fb35081383b078272c35ece2b07012716"},
    {file = "sqlalchemy-2.0.40-cp312-cp312-musllinux_1_2_aarch64.whl", hash = "sha256:110179728e442dae85dd39591beb74072ae4ad55a44eda2acc6ec98ead80d5f2"},
    {file = "sqlalchemy-2.0.40-cp312-cp312-musllinux_1_2_x86_64.whl", hash = "sha256:e8040680eaacdce4d635f12c55c714f3d4c7f57da2bc47a01229d115bd319191"},
    {file = "sqlalchemy-2.0.40-cp312-cp312-win32.whl", hash = "sha256:650490653b110905c10adac69408380688cefc1f536a137d0d69aca1069dc1d1"},
    {file = "sqlalchemy-2.0.40-cp312-cp312-win_amd64.whl", hash = "sha256:2be94d75ee06548d2fc591a3513422b873490efb124048f50556369a834853b0"},
    {file = "sqlalchemy-2.0.40-cp313-cp313-macosx_10_13_x86_64.whl", hash = "sha256:915866fd50dd868fdcc18d61d8258db1bf9ed7fbd6dfec960ba43365952f3b01"},
    {file = "sqlalchemy-2.0.40-cp313-cp313-macosx_11_0_arm64.whl", hash = "sha256:4a4c5a2905a9ccdc67a8963e24abd2f7afcd4348829412483695c59e0af9a705"},
    {file = "sqlalchemy-2.0.40-cp313-cp313-manylinux_2_17_aarch64.manylinux2014_aarch64.whl", hash = "sha256:55028d7a3ebdf7ace492fab9895cbc5270153f75442a0472d8516e03159ab364"},
    {file = "sqlalchemy-2.0.40-cp313-cp313-manylinux_2_17_x86_64.manylinux2014_x86_64.whl", hash = "sha256:6cfedff6878b0e0d1d0a50666a817ecd85051d12d56b43d9d425455e608b5ba0"},
    {file = "sqlalchemy-2.0.40-cp313-cp313-musllinux_1_2_aarch64.whl", hash = "sha256:bb19e30fdae77d357ce92192a3504579abe48a66877f476880238a962e5b96db"},
    {file = "sqlalchemy-2.0.40-cp313-cp313-musllinux_1_2_x86_64.whl", hash = "sha256:16d325ea898f74b26ffcd1cf8c593b0beed8714f0317df2bed0d8d1de05a8f26"},
    {file = "sqlalchemy-2.0.40-cp313-cp313-win32.whl", hash = "sha256:a669cbe5be3c63f75bcbee0b266779706f1a54bcb1000f302685b87d1b8c1500"},
    {file = "sqlalchemy-2.0.40-cp313-cp313-win_amd64.whl", hash = "sha256:641ee2e0834812d657862f3a7de95e0048bdcb6c55496f39c6fa3d435f6ac6ad"},
    {file = "sqlalchemy-2.0.40-cp38-cp38-macosx_10_9_x86_64.whl", hash = "sha256:50f5885bbed261fc97e2e66c5156244f9704083a674b8d17f24c72217d29baf5"},
    {file = "sqlalchemy-2.0.40-cp38-cp38-macosx_11_0_arm64.whl", hash = "sha256:cf0e99cdb600eabcd1d65cdba0d3c91418fee21c4aa1d28db47d095b1064a7d8"},
    {file = "sqlalchemy-2.0.40-cp38-cp38-manylinux_2_17_aarch64.manylinux2014_aarch64.whl", hash = "sha256:fe147fcd85aaed53ce90645c91ed5fca0cc88a797314c70dfd9d35925bd5d106"},
    {file = "sqlalchemy-2.0.40-cp38-cp38-manylinux_2_17_x86_64.manylinux2014_x86_64.whl", hash = "sha256:baf7cee56bd552385c1ee39af360772fbfc2f43be005c78d1140204ad6148438"},
    {file = "sqlalchemy-2.0.40-cp38-cp38-musllinux_1_2_aarch64.whl", hash = "sha256:4aeb939bcac234b88e2d25d5381655e8353fe06b4e50b1c55ecffe56951d18c2"},
    {file = "sqlalchemy-2.0.40-cp38-cp38-musllinux_1_2_x86_64.whl", hash = "sha256:c268b5100cfeaa222c40f55e169d484efa1384b44bf9ca415eae6d556f02cb08"},
    {file = "sqlalchemy-2.0.40-cp38-cp38-win32.whl", hash = "sha256:46628ebcec4f23a1584fb52f2abe12ddb00f3bb3b7b337618b80fc1b51177aff"},
    {file = "sqlalchemy-2.0.40-cp38-cp38-win_amd64.whl", hash = "sha256:7e0505719939e52a7b0c65d20e84a6044eb3712bb6f239c6b1db77ba8e173a37"},
    {file = "sqlalchemy-2.0.40-cp39-cp39-macosx_10_9_x86_64.whl", hash = "sha256:c884de19528e0fcd9dc34ee94c810581dd6e74aef75437ff17e696c2bfefae3e"},
    {file = "sqlalchemy-2.0.40-cp39-cp39-macosx_11_0_arm64.whl", hash = "sha256:1abb387710283fc5983d8a1209d9696a4eae9db8d7ac94b402981fe2fe2e39ad"},
    {file = "sqlalchemy-2.0.40-cp39-cp39-manylinux_2_17_aarch64.manylinux2014_aarch64.whl", hash = "sha256:5cfa124eda500ba4b0d3afc3e91ea27ed4754e727c7f025f293a22f512bcd4c9"},
    {file = "sqlalchemy-2.0.40-cp39-cp39-manylinux_2_17_x86_64.manylinux2014_x86_64.whl", hash = "sha256:8b6b28d303b9d57c17a5164eb1fd2d5119bb6ff4413d5894e74873280483eeb5"},
    {file = "sqlalchemy-2.0.40-cp39-cp39-musllinux_1_2_aarch64.whl", hash = "sha256:b5a5bbe29c10c5bfd63893747a1bf6f8049df607638c786252cb9243b86b6706"},
    {file = "sqlalchemy-2.0.40-cp39-cp39-musllinux_1_2_x86_64.whl", hash = "sha256:f0fda83e113bb0fb27dc003685f32a5dcb99c9c4f41f4fa0838ac35265c23b5c"},
    {file = "sqlalchemy-2.0.40-cp39-cp39-win32.whl", hash = "sha256:957f8d85d5e834397ef78a6109550aeb0d27a53b5032f7a57f2451e1adc37e98"},
    {file = "sqlalchemy-2.0.40-cp39-cp39-win_amd64.whl", hash = "sha256:1ffdf9c91428e59744f8e6f98190516f8e1d05eec90e936eb08b257332c5e870"},
    {file = "sqlalchemy-2.0.40-py3-none-any.whl", hash = "sha256:32587e2e1e359276957e6fe5dad089758bc042a971a8a09ae8ecf7a8fe23d07a"},
    {file = "sqlalchemy-2.0.40.tar.gz", hash = "sha256:d827099289c64589418ebbcaead0145cd19f4e3e8a93919a0100247af245fa00"},
]

[package.dependencies]
greenlet = {version = ">=1", markers = "python_version < \"3.14\" and (platform_machine == \"aarch64\" or platform_machine == \"ppc64le\" or platform_machine == \"x86_64\" or platform_machine == \"amd64\" or platform_machine == \"AMD64\" or platform_machine == \"win32\" or platform_machine == \"WIN32\")"}
typing-extensions = ">=4.6.0"

[package.extras]
aiomysql = ["aiomysql (>=0.2.0)", "greenlet (>=1)"]
aioodbc = ["aioodbc", "greenlet (>=1)"]
aiosqlite = ["aiosqlite", "greenlet (>=1)", "typing_extensions (!=3.10.0.1)"]
asyncio = ["greenlet (>=1)"]
asyncmy = ["asyncmy (>=0.2.3,!=0.2.4,!=0.2.6)", "greenlet (>=1)"]
mariadb-connector = ["mariadb (>=1.0.1,!=1.1.2,!=1.1.5,!=1.1.10)"]
mssql = ["pyodbc"]
mssql-pymssql = ["pymssql"]
mssql-pyodbc = ["pyodbc"]
mypy = ["mypy (>=0.910)"]
mysql = ["mysqlclient (>=1.4.0)"]
mysql-connector = ["mysql-connector-python"]
oracle = ["cx_oracle (>=8)"]
oracle-oracledb = ["oracledb (>=1.0.1)"]
postgresql = ["psycopg2 (>=2.7)"]
postgresql-asyncpg = ["asyncpg", "greenlet (>=1)"]
postgresql-pg8000 = ["pg8000 (>=1.29.1)"]
postgresql-psycopg = ["psycopg (>=3.0.7)"]
postgresql-psycopg2binary = ["psycopg2-binary"]
postgresql-psycopg2cffi = ["psycopg2cffi"]
postgresql-psycopgbinary = ["psycopg[binary] (>=3.0.7)"]
pymysql = ["pymysql"]
sqlcipher = ["sqlcipher3_binary"]

[[package]]
name = "typing-extensions"
version = "4.13.2"
description = "Backported and Experimental Type Hints for Python 3.8+"
optional = false
python-versions = ">=3.8"
groups = ["main"]
files = [
    {file = "typing_extensions-4.13.2-py3-none-any.whl", hash = "sha256:a439e7c04b49fec3e5d3e2beaa21755cadbbdc391694e28ccdd36ca4a1408f8c"},
    {file = "typing_extensions-4.13.2.tar.gz", hash = "sha256:e6c81219bd689f51865d9e372991c540bda33a0379d5573cddb9a3a23f7caaef"},
]

[metadata]
lock-version = "2.1"
python-versions = ">=3.11,<3.13"
content-hash = "49a848e6913f9064e7891cb154e43203cc6fa3d982ea6cdddb3ee1a7ff656043"
